
Microsoft Visual Studio Solution File, Format Version 12.00
# Visual Studio Version 17
VisualStudioVersion = 17.2.32516.85
MinimumVisualStudioVersion = 10.0.40219.1
Project("{FAE04EC0-301F-11D3-BF4B-00C04F79EFBC}") = "CSCI2910-Lab2", "CSCI2910-Lab2.csproj", "{BBF59AC9-FFC1-490E-B29D-1ED8249338FA}"
EndProject
Global
	GlobalSection(SolutionConfigurationPlatforms) = preSolution
		Debug|Any CPU = Debug|Any CPU
		Release|Any CPU = Release|Any CPU
	EndGlobalSection
	GlobalSection(ProjectConfigurationPlatforms) = postSolution
		{BBF59AC9-FFC1-490E-B29D-1ED8249338FA}.Debug|Any CPU.ActiveCfg = Debug|Any CPU
		{BBF59AC9-FFC1-490E-B29D-1ED8249338FA}.Debug|Any CPU.Build.0 = Debug|Any CPU
		{BBF59AC9-FFC1-490E-B29D-1ED8249338FA}.Release|Any CPU.ActiveCfg = Release|Any CPU
		{BBF59AC9-FFC1-490E-B29D-1ED8249338FA}.Release|Any CPU.Build.0 = Release|Any CPU
	EndGlobalSection
	GlobalSection(SolutionProperties) = preSolution
		HideSolutionNode = FALSE
	EndGlobalSection
	GlobalSection(ExtensibilityGlobals) = postSolution
		SolutionGuid = {D86DA69B-3C09-49CF-B9DE-D1B9CAA95D0E}
	EndGlobalSection
EndGlobal
